{
  "schemaVersion": 1,
  "platform": "linux-x86_64-glibc-2.43",
  "containerBase": {
    "status": "not-used",
    "reason": "The first implementation records exact host tool bytes; a digest-pinned release container remains a release gate."
  },
  "node": { "version": "24.19.0" },
  "pnpm": { "version": "11.19.0" },
  "imagemagick": { "version": "7.1.2-23", "path": "/usr/bin/magick", "sha256": "47a3d55910d2ca950188c337078476f5789a074c2b7a2825e6c359df2d1c53ad" },
  "grub": {
    "version": "2:2.14-1",
    "mkfont": { "path": "/usr/bin/grub-mkfont", "sha256": "5dec3a831de0f5bfe0e69160dd70b58ed8bf647ae83edb0aec2b548f092a118c" },
    "scriptCheck": { "path": "/usr/bin/grub-script-check", "sha256": "315541b421e2b2af82f0777f5f77ba9ea3290820c7445b39984e6b9bf9cb9cf5" },
    "mkstandalone": { "path": "/usr/bin/grub-mkstandalone", "sha256": "bdb872bcb2a3f60a2f70f8a15fe1ed52e1e55b07f86bec782364d819cc6477a4" }
  },
  "qemu": { "version": "11.0.2-3", "path": "/usr/bin/qemu-system-x86_64", "sha256": "0dd8d9db394f4e9689e3d9ad2ec151fa57f177d2fcc6b470bcde4fcec7815377" },
  "ovmf": { "version": "202605-1", "codePath": "/usr/share/edk2/x64/OVMF_CODE.4m.fd", "sha256": "5bee448ab52e212a1748f63cbd813a61bee22d07150f8bc0c2aa2686808ea3e7" },
  "xorriso": { "version": "1.5.8.pl02", "path": "/usr/bin/xorriso", "sha256": "3dab038fd129b742e69f2f731143016673e2e6a594fe7e2b3b9173b0f38579d6" },
  "pngEncoder": {
    "implementation": "sharp/libvips",
    "packageVersion": "0.34.5",
    "nativeRuntime": {
      "vipsVersion": "8.17.3",
      "libpngVersion": "1.6.50",
      "spngVersion": "0.7.4"
    }
  },
  "fontConverter": { "implementation": "grub-mkfont", "version": "2:2.14-1" }
}
